
Microsoft Visual Studio Solution File, Format Version 12.00
# Visual Studio Version 17
VisualStudioVersion = 17.14.36203.30
MinimumVisualStudioVersion = 10.0.40219.1
Project("{FAE04EC0-301F-11D3-BF4B-00C04F79EFBC}") = "learning_c#_fromTheBasics", "learning_c#_fromTheBasics\learning_c#_fromTheBasics.csproj", "{60A8DEF7-AB05-4987-A235-8BB2E6C8A599}"
EndProject
Project("{FAE04EC0-301F-11D3-BF4B-00C04F79EFBC}") = "Basics", "Basics\Basics.csproj", "{55EAB81C-81D6-4E4B-9E51-13108AEBF150}"
EndProject
Project("{FAE04EC0-301F-11D3-BF4B-00C04F79EFBC}") = "VariableDeclaration", "VariableDeclaration\VariableDeclaration.csproj", "{80E527EE-9005-4126-8EFE-7967878C11A5}"
EndProject
Project("{FAE04EC0-301F-11D3-BF4B-00C04F79EFBC}") = "dataTypes", "dataTypes\dataTypes.csproj", "{6D5E8A35-CDC6-471E-B23B-7730A50A30A3}"
EndProject
Project("{FAE04EC0-301F-11D3-BF4B-00C04F79EFBC}") = "typeCasting", "typeCasting\typeCasting.csproj", "{D11F56CD-BB85-4415-9471-A55D319F6F10}"
EndProject
Project("{FAE04EC0-301F-11D3-BF4B-00C04F79EFBC}") = "User Input", "User Input\User Input.csproj", "{39132F88-4B7B-459E-82EB-69E1FCB497C3}"
EndProject
Project("{FAE04EC0-301F-11D3-BF4B-00C04F79EFBC}") = "operators", "operators\operators.csproj", "{686F0F0E-E55F-47C2-A54A-77ED96EDE0DE}"
EndProject
Project("{FAE04EC0-301F-11D3-BF4B-00C04F79EFBC}") = "mathClass", "mathClass\mathClass.csproj", "{601A7FE1-BEA6-4FA7-877E-1E61CECF4038}"
EndProject
Project("{FAE04EC0-301F-11D3-BF4B-00C04F79EFBC}") = "strings", "strings\strings.csproj", "{4C48A612-F67F-4B88-BBC3-367A7A2733DE}"
EndProject
Project("{FAE04EC0-301F-11D3-BF4B-00C04F79EFBC}") = "Boolean", "Boolean\Boolean.csproj", "{6B629E7C-05FF-40B2-8AAB-65631BABE435}"
EndProject
Project("{FAE04EC0-301F-11D3-BF4B-00C04F79EFBC}") = "if and else statement", "if and else statement\if and else statement.csproj", "{99F0F8AF-4912-4475-A615-5F1E4D48F21A}"
EndProject
Global
	GlobalSection(SolutionConfigurationPlatforms) = preSolution
		Debug|Any CPU = Debug|Any CPU
		Release|Any CPU = Release|Any CPU
	EndGlobalSection
	GlobalSection(ProjectConfigurationPlatforms) = postSolution
		{60A8DEF7-AB05-4987-A235-8BB2E6C8A599}.Debug|Any CPU.ActiveCfg = Debug|Any CPU
		{60A8DEF7-AB05-4987-A235-8BB2E6C8A599}.Debug|Any CPU.Build.0 = Debug|Any CPU
		{60A8DEF7-AB05-4987-A235-8BB2E6C8A599}.Release|Any CPU.ActiveCfg = Release|Any CPU
		{60A8DEF7-AB05-4987-A235-8BB2E6C8A599}.Release|Any CPU.Build.0 = Release|Any CPU
		{55EAB81C-81D6-4E4B-9E51-13108AEBF150}.Debug|Any CPU.ActiveCfg = Debug|Any CPU
		{55EAB81C-81D6-4E4B-9E51-13108AEBF150}.Debug|Any CPU.Build.0 = Debug|Any CPU
		{55EAB81C-81D6-4E4B-9E51-13108AEBF150}.Release|Any CPU.ActiveCfg = Release|Any CPU
		{55EAB81C-81D6-4E4B-9E51-13108AEBF150}.Release|Any CPU.Build.0 = Release|Any CPU
		{80E527EE-9005-4126-8EFE-7967878C11A5}.Debug|Any CPU.ActiveCfg = Debug|Any CPU
		{80E527EE-9005-4126-8EFE-7967878C11A5}.Debug|Any CPU.Build.0 = Debug|Any CPU
		{80E527EE-9005-4126-8EFE-7967878C11A5}.Release|Any CPU.ActiveCfg = Release|Any CPU
		{80E527EE-9005-4126-8EFE-7967878C11A5}.Release|Any CPU.Build.0 = Release|Any CPU
		{6D5E8A35-CDC6-471E-B23B-7730A50A30A3}.Debug|Any CPU.ActiveCfg = Debug|Any CPU
		{6D5E8A35-CDC6-471E-B23B-7730A50A30A3}.Debug|Any CPU.Build.0 = Debug|Any CPU
		{6D5E8A35-CDC6-471E-B23B-7730A50A30A3}.Release|Any CPU.ActiveCfg = Release|Any CPU
		{6D5E8A35-CDC6-471E-B23B-7730A50A30A3}.Release|Any CPU.Build.0 = Release|Any CPU
		{D11F56CD-BB85-4415-9471-A55D319F6F10}.Debug|Any CPU.ActiveCfg = Debug|Any CPU
		{D11F56CD-BB85-4415-9471-A55D319F6F10}.Debug|Any CPU.Build.0 = Debug|Any CPU
		{D11F56CD-BB85-4415-9471-A55D319F6F10}.Release|Any CPU.ActiveCfg = Release|Any CPU
		{D11F56CD-BB85-4415-9471-A55D319F6F10}.Release|Any CPU.Build.0 = Release|Any CPU
		{39132F88-4B7B-459E-82EB-69E1FCB497C3}.Debug|Any CPU.ActiveCfg = Debug|Any CPU
		{39132F88-4B7B-459E-82EB-69E1FCB497C3}.Debug|Any CPU.Build.0 = Debug|Any CPU
		{39132F88-4B7B-459E-82EB-69E1FCB497C3}.Release|Any CPU.ActiveCfg = Release|Any CPU
		{39132F88-4B7B-459E-82EB-69E1FCB497C3}.Release|Any CPU.Build.0 = Release|Any CPU
		{686F0F0E-E55F-47C2-A54A-77ED96EDE0DE}.Debug|Any CPU.ActiveCfg = Debug|Any CPU
		{686F0F0E-E55F-47C2-A54A-77ED96EDE0DE}.Debug|Any CPU.Build.0 = Debug|Any CPU
		{686F0F0E-E55F-47C2-A54A-77ED96EDE0DE}.Release|Any CPU.ActiveCfg = Release|Any CPU
		{686F0F0E-E55F-47C2-A54A-77ED96EDE0DE}.Release|Any CPU.Build.0 = Release|Any CPU
		{601A7FE1-BEA6-4FA7-877E-1E61CECF4038}.Debug|Any CPU.ActiveCfg = Debug|Any CPU
		{601A7FE1-BEA6-4FA7-877E-1E61CECF4038}.Debug|Any CPU.Build.0 = Debug|Any CPU
		{601A7FE1-BEA6-4FA7-877E-1E61CECF4038}.Release|Any CPU.ActiveCfg = Release|Any CPU
		{601A7FE1-BEA6-4FA7-877E-1E61CECF4038}.Release|Any CPU.Build.0 = Release|Any CPU
		{4C48A612-F67F-4B88-BBC3-367A7A2733DE}.Debug|Any CPU.ActiveCfg = Debug|Any CPU
		{4C48A612-F67F-4B88-BBC3-367A7A2733DE}.Debug|Any CPU.Build.0 = Debug|Any CPU
		{4C48A612-F67F-4B88-BBC3-367A7A2733DE}.Release|Any CPU.ActiveCfg = Release|Any CPU
		{4C48A612-F67F-4B88-BBC3-367A7A2733DE}.Release|Any CPU.Build.0 = Release|Any CPU
		{6B629E7C-05FF-40B2-8AAB-65631BABE435}.Debug|Any CPU.ActiveCfg = Debug|Any CPU
		{6B629E7C-05FF-40B2-8AAB-65631BABE435}.Debug|Any CPU.Build.0 = Debug|Any CPU
		{6B629E7C-05FF-40B2-8AAB-65631BABE435}.Release|Any CPU.ActiveCfg = Release|Any CPU
		{6B629E7C-05FF-40B2-8AAB-65631BABE435}.Release|Any CPU.Build.0 = Release|Any CPU
		{99F0F8AF-4912-4475-A615-5F1E4D48F21A}.Debug|Any CPU.ActiveCfg = Debug|Any CPU
		{99F0F8AF-4912-4475-A615-5F1E4D48F21A}.Debug|Any CPU.Build.0 = Debug|Any CPU
		{99F0F8AF-4912-4475-A615-5F1E4D48F21A}.Release|Any CPU.ActiveCfg = Release|Any CPU
		{99F0F8AF-4912-4475-A615-5F1E4D48F21A}.Release|Any CPU.Build.0 = Release|Any CPU
	EndGlobalSection
	GlobalSection(SolutionProperties) = preSolution
		HideSolutionNode = FALSE
	EndGlobalSection
	GlobalSection(ExtensibilityGlobals) = postSolution
		SolutionGuid = {06143CD1-6E90-419D-A7D6-E902863B2C62}
	EndGlobalSection
EndGlobal
