
Microsoft Visual Studio Solution File, Format Version 12.00
# Visual Studio Version 17
VisualStudioVersion = 17.14.36203.30 d17.14
MinimumVisualStudioVersion = 10.0.40219.1
Project("{FAE04EC0-301F-11D3-BF4B-00C04F79EFBC}") = "learning_c#_fromTheBasics", "learning_c#_fromTheBasics\learning_c#_fromTheBasics.csproj", "{60A8DEF7-AB05-4987-A235-8BB2E6C8A599}"
EndProject
Global
	GlobalSection(SolutionConfigurationPlatforms) = preSolution
		Debug|Any CPU = Debug|Any CPU
		Release|Any CPU = Release|Any CPU
	EndGlobalSection
	GlobalSection(ProjectConfigurationPlatforms) = postSolution
		{60A8DEF7-AB05-4987-A235-8BB2E6C8A599}.Debug|Any CPU.ActiveCfg = Debug|Any CPU
		{60A8DEF7-AB05-4987-A235-8BB2E6C8A599}.Debug|Any CPU.Build.0 = Debug|Any CPU
		{60A8DEF7-AB05-4987-A235-8BB2E6C8A599}.Release|Any CPU.ActiveCfg = Release|Any CPU
		{60A8DEF7-AB05-4987-A235-8BB2E6C8A599}.Release|Any CPU.Build.0 = Release|Any CPU
	EndGlobalSection
	GlobalSection(SolutionProperties) = preSolution
		HideSolutionNode = FALSE
	EndGlobalSection
	GlobalSection(ExtensibilityGlobals) = postSolution
		SolutionGuid = {06143CD1-6E90-419D-A7D6-E902863B2C62}
	EndGlobalSection
EndGlobal
