
Microsoft Visual Studio Solution File, Format Version 12.00
# Visual Studio Version 17
VisualStudioVersion = 17.14.36203.30 d17.14
MinimumVisualStudioVersion = 10.0.40219.1
Project("{FAE04EC0-301F-11D3-BF4B-00C04F79EFBC}") = "StudentManagementCrudApp", "StudentManagementCrudApp\StudentManagementCrudApp.csproj", "{DBED3E93-565F-4885-9222-EB06706D9DCC}"
EndProject
Global
	GlobalSection(SolutionConfigurationPlatforms) = preSolution
		Debug|Any CPU = Debug|Any CPU
		Release|Any CPU = Release|Any CPU
	EndGlobalSection
	GlobalSection(ProjectConfigurationPlatforms) = postSolution
		{DBED3E93-565F-4885-9222-EB06706D9DCC}.Debug|Any CPU.ActiveCfg = Debug|Any CPU
		{DBED3E93-565F-4885-9222-EB06706D9DCC}.Debug|Any CPU.Build.0 = Debug|Any CPU
		{DBED3E93-565F-4885-9222-EB06706D9DCC}.Release|Any CPU.ActiveCfg = Release|Any CPU
		{DBED3E93-565F-4885-9222-EB06706D9DCC}.Release|Any CPU.Build.0 = Release|Any CPU
	EndGlobalSection
	GlobalSection(SolutionProperties) = preSolution
		HideSolutionNode = FALSE
	EndGlobalSection
	GlobalSection(ExtensibilityGlobals) = postSolution
		SolutionGuid = {B1C4C6BB-2FFB-4D29-A9D1-39C08AB3AAAB}
	EndGlobalSection
EndGlobal
